
Microsoft Visual Studio Solution File, Format Version 10.00
# Visual Studio 2008
Project("{8BC9CEB8-8B4A-11D0-8D11-00A0C91BC942}") = "luaodbc", "luaodbc.vcproj", "{BF27B87A-97F0-4802-90CD-987A3D84FD34}"
EndProject
Global
	GlobalSection(PowerDesigner) = preSolution
		HasSWS = 1
	EndGlobalSection
	GlobalSection(SolutionConfigurationPlatforms) = preSolution
		Debug|Win32 = Debug|Win32
		Release|Win32 = Release|Win32
	EndGlobalSection
	GlobalSection(ProjectConfigurationPlatforms) = postSolution
		{BF27B87A-97F0-4802-90CD-987A3D84FD34}.Debug|Win32.ActiveCfg = Debug|Win32
		{BF27B87A-97F0-4802-90CD-987A3D84FD34}.Debug|Win32.Build.0 = Debug|Win32
		{BF27B87A-97F0-4802-90CD-987A3D84FD34}.Release|Win32.ActiveCfg = Release|Win32
		{BF27B87A-97F0-4802-90CD-987A3D84FD34}.Release|Win32.Build.0 = Release|Win32
	EndGlobalSection
	GlobalSection(SolutionProperties) = preSolution
		HideSolutionNode = FALSE
	EndGlobalSection
EndGlobal
